
Microsoft Visual Studio Solution File, Format Version 12.00
Project("{FAE04EC0-301F-11D3-BF4B-00C04F79EFBC}") = "SIL.BuildTasks", "SIL.BuildTasks\SIL.BuildTasks.csproj", "{1B4E2E6B-4424-4560-97E0-B0BD34BF85D8}"
EndProject
Project("{FAE04EC0-301F-11D3-BF4B-00C04F79EFBC}") = "SIL.BuildTasks.AWS", "SIL.BuildTasks.AWS\SIL.BuildTasks.AWS.csproj", "{2F325461-AEA0-457A-AA2C-21665C546B70}"
EndProject
Project("{FAE04EC0-301F-11D3-BF4B-00C04F79EFBC}") = "SIL.BuildTasks.Tests", "SIL.BuildTasks.Tests\SIL.BuildTasks.Tests.csproj", "{C1DFF344-3B97-4265-A465-C14A84BA19F6}"
EndProject
Project("{FAE04EC0-301F-11D3-BF4B-00C04F79EFBC}") = "SIL.BuildTasks.Tests.Helper", "SIL.BuildTasks.Tests\SIL.BuildTasks.Tests.Helper\SIL.BuildTasks.Tests.Helper.csproj", "{413BC26E-4F2E-4273-9D2D-83AB79753D8D}"
EndProject
Project("{2150E333-8FDC-42A3-9474-1A3956D46DE8}") = "SolutionFolder", "SolutionFolder", "{EED47762-C53F-4557-A058-F464D84746B5}"
ProjectSection(SolutionItems) = preProject
	.gitignore = .gitignore
	.editorconfig = .editorconfig
EndProjectSection
EndProject
Global
	GlobalSection(SolutionConfigurationPlatforms) = preSolution
		Debug|Any CPU = Debug|Any CPU
		Release|Any CPU = Release|Any CPU
	EndGlobalSection
	GlobalSection(ProjectConfigurationPlatforms) = postSolution
		{1B4E2E6B-4424-4560-97E0-B0BD34BF85D8}.Debug|Any CPU.ActiveCfg = Debug|Any CPU
		{1B4E2E6B-4424-4560-97E0-B0BD34BF85D8}.Debug|Any CPU.Build.0 = Debug|Any CPU
		{1B4E2E6B-4424-4560-97E0-B0BD34BF85D8}.Release|Any CPU.ActiveCfg = Release|Any CPU
		{1B4E2E6B-4424-4560-97E0-B0BD34BF85D8}.Release|Any CPU.Build.0 = Release|Any CPU
		{2F325461-AEA0-457A-AA2C-21665C546B70}.Debug|Any CPU.ActiveCfg = Debug|Any CPU
		{2F325461-AEA0-457A-AA2C-21665C546B70}.Debug|Any CPU.Build.0 = Debug|Any CPU
		{2F325461-AEA0-457A-AA2C-21665C546B70}.Release|Any CPU.ActiveCfg = Release|Any CPU
		{2F325461-AEA0-457A-AA2C-21665C546B70}.Release|Any CPU.Build.0 = Release|Any CPU
		{C1DFF344-3B97-4265-A465-C14A84BA19F6}.Debug|Any CPU.ActiveCfg = Debug|Any CPU
		{C1DFF344-3B97-4265-A465-C14A84BA19F6}.Debug|Any CPU.Build.0 = Debug|Any CPU
		{C1DFF344-3B97-4265-A465-C14A84BA19F6}.Release|Any CPU.ActiveCfg = Release|Any CPU
		{C1DFF344-3B97-4265-A465-C14A84BA19F6}.Release|Any CPU.Build.0 = Release|Any CPU
		{413BC26E-4F2E-4273-9D2D-83AB79753D8D}.Debug|Any CPU.ActiveCfg = Debug|Any CPU
		{413BC26E-4F2E-4273-9D2D-83AB79753D8D}.Debug|Any CPU.Build.0 = Debug|Any CPU
		{413BC26E-4F2E-4273-9D2D-83AB79753D8D}.Release|Any CPU.ActiveCfg = Release|Any CPU
		{413BC26E-4F2E-4273-9D2D-83AB79753D8D}.Release|Any CPU.Build.0 = Release|Any CPU
	EndGlobalSection
EndGlobal
