
Microsoft Visual Studio Solution File, Format Version 12.00
# Visual Studio 15
VisualStudioVersion = 15.0.27428.2037
MinimumVisualStudioVersion = 10.0.40219.1
Project("{9A19103F-16F7-4668-BE54-9A1E7A4F7556}") = "SIL.BuildTasks", "SIL.BuildTasks\SIL.BuildTasks.csproj", "{1B4E2E6B-4424-4560-97E0-B0BD34BF85D8}"
EndProject
Project("{9A19103F-16F7-4668-BE54-9A1E7A4F7556}") = "SIL.BuildTasks.AWS", "SIL.BuildTasks.AWS\SIL.BuildTasks.AWS.csproj", "{2F325461-AEA0-457A-AA2C-21665C546B70}"
EndProject
Project("{9A19103F-16F7-4668-BE54-9A1E7A4F7556}") = "SIL.BuildTasks.Tests", "SIL.BuildTasks.Tests\SIL.BuildTasks.Tests.csproj", "{C1DFF344-3B97-4265-A465-C14A84BA19F6}"
EndProject
Project("{9A19103F-16F7-4668-BE54-9A1E7A4F7556}") = "SIL.BuildTasks.Tests.Helper", "SIL.BuildTasks.Tests\SIL.BuildTasks.Tests.Helper\SIL.BuildTasks.Tests.Helper.csproj", "{413BC26E-4F2E-4273-9D2D-83AB79753D8D}"
EndProject
Project("{2150E333-8FDC-42A3-9474-1A3956D46DE8}") = "SolutionFolder", "SolutionFolder", "{EED47762-C53F-4557-A058-F464D84746B5}"
	ProjectSection(SolutionItems) = preProject
		.editorconfig = .editorconfig
		.gitignore = .gitignore
		CHANGELOG.md = CHANGELOG.md
	EndProjectSection
EndProject
Project("{2150E333-8FDC-42A3-9474-1A3956D46DE8}") = "ForceCrash", "ForceCrash", "{D41379D9-7E82-4793-BDC0-2D7C89C1F7BF}"
	ProjectSection(SolutionItems) = preProject
		SIL.BuildTasks.Tests\SIL.BuildTasks.Tests.Helper\ForceCrash\ForceCrash.c = SIL.BuildTasks.Tests\SIL.BuildTasks.Tests.Helper\ForceCrash\ForceCrash.c
		SIL.BuildTasks.Tests\SIL.BuildTasks.Tests.Helper\ForceCrash\ForceCrash.vcxproj = SIL.BuildTasks.Tests\SIL.BuildTasks.Tests.Helper\ForceCrash\ForceCrash.vcxproj
		SIL.BuildTasks.Tests\SIL.BuildTasks.Tests.Helper\ForceCrash\Makefile = SIL.BuildTasks.Tests\SIL.BuildTasks.Tests.Helper\ForceCrash\Makefile
	EndProjectSection
EndProject
Global
	GlobalSection(SolutionConfigurationPlatforms) = preSolution
		Debug|Any CPU = Debug|Any CPU
		Debug|x64 = Debug|x64
		Debug|x86 = Debug|x86
		Release|Any CPU = Release|Any CPU
		Release|x64 = Release|x64
		Release|x86 = Release|x86
	EndGlobalSection
	GlobalSection(ProjectConfigurationPlatforms) = postSolution
		{1B4E2E6B-4424-4560-97E0-B0BD34BF85D8}.Debug|Any CPU.ActiveCfg = Debug|Any CPU
		{1B4E2E6B-4424-4560-97E0-B0BD34BF85D8}.Debug|Any CPU.Build.0 = Debug|Any CPU
		{1B4E2E6B-4424-4560-97E0-B0BD34BF85D8}.Debug|x64.ActiveCfg = Debug|Any CPU
		{1B4E2E6B-4424-4560-97E0-B0BD34BF85D8}.Debug|x64.Build.0 = Debug|Any CPU
		{1B4E2E6B-4424-4560-97E0-B0BD34BF85D8}.Debug|x86.ActiveCfg = Debug|Any CPU
		{1B4E2E6B-4424-4560-97E0-B0BD34BF85D8}.Debug|x86.Build.0 = Debug|Any CPU
		{1B4E2E6B-4424-4560-97E0-B0BD34BF85D8}.Release|Any CPU.ActiveCfg = Release|Any CPU
		{1B4E2E6B-4424-4560-97E0-B0BD34BF85D8}.Release|Any CPU.Build.0 = Release|Any CPU
		{1B4E2E6B-4424-4560-97E0-B0BD34BF85D8}.Release|x64.ActiveCfg = Release|Any CPU
		{1B4E2E6B-4424-4560-97E0-B0BD34BF85D8}.Release|x64.Build.0 = Release|Any CPU
		{1B4E2E6B-4424-4560-97E0-B0BD34BF85D8}.Release|x86.ActiveCfg = Release|Any CPU
		{1B4E2E6B-4424-4560-97E0-B0BD34BF85D8}.Release|x86.Build.0 = Release|Any CPU
		{2F325461-AEA0-457A-AA2C-21665C546B70}.Debug|Any CPU.ActiveCfg = Debug|Any CPU
		{2F325461-AEA0-457A-AA2C-21665C546B70}.Debug|Any CPU.Build.0 = Debug|Any CPU
		{2F325461-AEA0-457A-AA2C-21665C546B70}.Debug|x64.ActiveCfg = Debug|Any CPU
		{2F325461-AEA0-457A-AA2C-21665C546B70}.Debug|x64.Build.0 = Debug|Any CPU
		{2F325461-AEA0-457A-AA2C-21665C546B70}.Debug|x86.ActiveCfg = Debug|Any CPU
		{2F325461-AEA0-457A-AA2C-21665C546B70}.Debug|x86.Build.0 = Debug|Any CPU
		{2F325461-AEA0-457A-AA2C-21665C546B70}.Release|Any CPU.ActiveCfg = Release|Any CPU
		{2F325461-AEA0-457A-AA2C-21665C546B70}.Release|Any CPU.Build.0 = Release|Any CPU
		{2F325461-AEA0-457A-AA2C-21665C546B70}.Release|x64.ActiveCfg = Release|Any CPU
		{2F325461-AEA0-457A-AA2C-21665C546B70}.Release|x64.Build.0 = Release|Any CPU
		{2F325461-AEA0-457A-AA2C-21665C546B70}.Release|x86.ActiveCfg = Release|Any CPU
		{2F325461-AEA0-457A-AA2C-21665C546B70}.Release|x86.Build.0 = Release|Any CPU
		{C1DFF344-3B97-4265-A465-C14A84BA19F6}.Debug|Any CPU.ActiveCfg = Debug|Any CPU
		{C1DFF344-3B97-4265-A465-C14A84BA19F6}.Debug|Any CPU.Build.0 = Debug|Any CPU
		{C1DFF344-3B97-4265-A465-C14A84BA19F6}.Debug|x64.ActiveCfg = Debug|Any CPU
		{C1DFF344-3B97-4265-A465-C14A84BA19F6}.Debug|x64.Build.0 = Debug|Any CPU
		{C1DFF344-3B97-4265-A465-C14A84BA19F6}.Debug|x86.ActiveCfg = Debug|Any CPU
		{C1DFF344-3B97-4265-A465-C14A84BA19F6}.Debug|x86.Build.0 = Debug|Any CPU
		{C1DFF344-3B97-4265-A465-C14A84BA19F6}.Release|Any CPU.ActiveCfg = Release|Any CPU
		{C1DFF344-3B97-4265-A465-C14A84BA19F6}.Release|Any CPU.Build.0 = Release|Any CPU
		{C1DFF344-3B97-4265-A465-C14A84BA19F6}.Release|x64.ActiveCfg = Release|Any CPU
		{C1DFF344-3B97-4265-A465-C14A84BA19F6}.Release|x64.Build.0 = Release|Any CPU
		{C1DFF344-3B97-4265-A465-C14A84BA19F6}.Release|x86.ActiveCfg = Release|Any CPU
		{C1DFF344-3B97-4265-A465-C14A84BA19F6}.Release|x86.Build.0 = Release|Any CPU
		{413BC26E-4F2E-4273-9D2D-83AB79753D8D}.Debug|Any CPU.ActiveCfg = Debug|Any CPU
		{413BC26E-4F2E-4273-9D2D-83AB79753D8D}.Debug|Any CPU.Build.0 = Debug|Any CPU
		{413BC26E-4F2E-4273-9D2D-83AB79753D8D}.Debug|x64.ActiveCfg = Debug|Any CPU
		{413BC26E-4F2E-4273-9D2D-83AB79753D8D}.Debug|x64.Build.0 = Debug|Any CPU
		{413BC26E-4F2E-4273-9D2D-83AB79753D8D}.Debug|x86.ActiveCfg = Debug|Any CPU
		{413BC26E-4F2E-4273-9D2D-83AB79753D8D}.Debug|x86.Build.0 = Debug|Any CPU
		{413BC26E-4F2E-4273-9D2D-83AB79753D8D}.Release|Any CPU.ActiveCfg = Release|Any CPU
		{413BC26E-4F2E-4273-9D2D-83AB79753D8D}.Release|Any CPU.Build.0 = Release|Any CPU
		{413BC26E-4F2E-4273-9D2D-83AB79753D8D}.Release|x64.ActiveCfg = Release|Any CPU
		{413BC26E-4F2E-4273-9D2D-83AB79753D8D}.Release|x64.Build.0 = Release|Any CPU
		{413BC26E-4F2E-4273-9D2D-83AB79753D8D}.Release|x86.ActiveCfg = Release|Any CPU
		{413BC26E-4F2E-4273-9D2D-83AB79753D8D}.Release|x86.Build.0 = Release|Any CPU
	EndGlobalSection
	GlobalSection(SolutionProperties) = preSolution
		HideSolutionNode = FALSE
	EndGlobalSection
	GlobalSection(ExtensibilityGlobals) = postSolution
		SolutionGuid = {FAF3C9B1-5A29-4FFB-BB2B-F485E6D91DDA}
	EndGlobalSection
EndGlobal
